// !$*UTF8*$!
{
	archiveVersion = 1;
	classes = {
	};
	objectVersion = 50;
	objects = {

/* Begin PBXBuildFile section */
		3EA6B5A0267C9C85006BB951 /* AppDelegate.swift in Sources */ = {isa = PBXBuildFile; fileRef = 3EA6B59F267C9C85006BB951 /* AppDelegate.swift */; };
		3EA6B5A2267C9C85006BB951 /* SceneDelegate.swift in Sources */ = {isa = PBXBuildFile; fileRef = 3EA6B5A1267C9C85006BB951 /* SceneDelegate.swift */; };
		3EA6B5A4267C9C85006BB951 /* ViewController.swift in Sources */ = {isa = PBXBuildFile; fileRef = 3EA6B5A3267C9C85006BB951 /* ViewController.swift */; };
		3EA6B5A7267C9C85006BB951 /* Main.storyboard in Resources */ = {isa = PBXBuildFile; fileRef = 3EA6B5A5267C9C85006BB951 /* Main.storyboard */; };
		3EA6B5A9267C9C86006BB951 /* Assets.xcassets in Resources */ = {isa = PBXBuildFile; fileRef = 3EA6B5A8267C9C86006BB951 /* Assets.xcassets */; };
		3EA6B5AC267C9C86006BB951 /* LaunchScreen.storyboard in Resources */ = {isa = PBXBuildFile; fileRef = 3EA6B5AA267C9C86006BB951 /* LaunchScreen.storyboard */; };
		3EA6B5CC267CA534006BB951 /* FactsResponse.swift in Sources */ = {isa = PBXBuildFile; fileRef = 3EA6B5CB267CA534006BB951 /* FactsResponse.swift */; };
		3EA6B5D3267CA564006BB951 /* tabMainView.xib in Resources */ = {isa = PBXBuildFile; fileRef = 3EA6B5CF267CA564006BB951 /* tabMainView.xib */; };
		3EA6B5D4267CA564006BB951 /* tabMainView.swift in Sources */ = {isa = PBXBuildFile; fileRef = 3EA6B5D0267CA564006BB951 /* tabMainView.swift */; };
		3EA6B5DB267CA5AB006BB951 /* FactCell.swift in Sources */ = {isa = PBXBuildFile; fileRef = 3EA6B5D9267CA5AB006BB951 /* FactCell.swift */; };
		3EA6B5DC267CA5AB006BB951 /* FactCell.xib in Resources */ = {isa = PBXBuildFile; fileRef = 3EA6B5DA267CA5AB006BB951 /* FactCell.xib */; };
		3EA6B5DF267CA831006BB951 /* APIService.swift in Sources */ = {isa = PBXBuildFile; fileRef = 3EA6B5DE267CA831006BB951 /* APIService.swift */; };
		3EA6B5E3267CB1F1006BB951 /* FactViewModel.swift in Sources */ = {isa = PBXBuildFile; fileRef = 3EA6B5E2267CB1F1006BB951 /* FactViewModel.swift */; };
		3EA6B5F0267CC2D7006BB951 /* FactDemoAppTests.swift in Sources */ = {isa = PBXBuildFile; fileRef = 3EA6B5EF267CC2D7006BB951 /* FactDemoAppTests.swift */; };
/* End PBXBuildFile section */

/* Begin PBXContainerItemProxy section */
		3EA6B5F2267CC2D7006BB951 /* PBXContainerItemProxy */ = {
			isa = PBXContainerItemProxy;
			containerPortal = 3EA6B594267C9C85006BB951 /* Project object */;
			proxyType = 1;
			remoteGlobalIDString = 3EA6B59B267C9C85006BB951;
			remoteInfo = FactDemoApp;
		};
/* End PBXContainerItemProxy section */

/* Begin PBXFileReference section */
		3EA6B59C267C9C85006BB951 /* FactDemoApp.app */ = {isa = PBXFileReference; explicitFileType = wrapper.application; includeInIndex = 0; path = FactDemoApp.app; sourceTree = BUILT_PRODUCTS_DIR; };
		3EA6B59F267C9C85006BB951 /* AppDelegate.swift */ = {isa = PBXFileReference; lastKnownFileType = sourcecode.swift; path = AppDelegate.swift; sourceTree = "<group>"; };
		3EA6B5A1267C9C85006BB951 /* SceneDelegate.swift */ = {isa = PBXFileReference; lastKnownFileType = sourcecode.swift; path = SceneDelegate.swift; sourceTree = "<group>"; };
		3EA6B5A3267C9C85006BB951 /* ViewController.swift */ = {isa = PBXFileReference; lastKnownFileType = sourcecode.swift; path = ViewController.swift; sourceTree = "<group>"; };
		3EA6B5A6267C9C85006BB951 /* Base */ = {isa = PBXFileReference; lastKnownFileType = file.storyboard; name = Base; path = Base.lproj/Main.storyboard; sourceTree = "<group>"; };
		3EA6B5A8267C9C86006BB951 /* Assets.xcassets */ = {isa = PBXFileReference; lastKnownFileType = folder.assetcatalog; path = Assets.xcassets; sourceTree = "<group>"; };
		3EA6B5AB267C9C86006BB951 /* Base */ = {isa = PBXFileReference; lastKnownFileType = file.storyboard; name = Base; path = Base.lproj/LaunchScreen.storyboard; sourceTree = "<group>"; };
		3EA6B5AD267C9C86006BB951 /* Info.plist */ = {isa = PBXFileReference; lastKnownFileType = text.plist.xml; path = Info.plist; sourceTree = "<group>"; };
		3EA6B5CB267CA534006BB951 /* FactsResponse.swift */ = {isa = PBXFileReference; fileEncoding = 4; lastKnownFileType = sourcecode.swift; path = FactsResponse.swift; sourceTree = "<group>"; };
		3EA6B5CF267CA564006BB951 /* tabMainView.xib */ = {isa = PBXFileReference; fileEncoding = 4; lastKnownFileType = file.xib; path = tabMainView.xib; sourceTree = "<group>"; };
		3EA6B5D0267CA564006BB951 /* tabMainView.swift */ = {isa = PBXFileReference; fileEncoding = 4; lastKnownFileType = sourcecode.swift; path = tabMainView.swift; sourceTree = "<group>"; };
		3EA6B5D9267CA5AB006BB951 /* FactCell.swift */ = {isa = PBXFileReference; fileEncoding = 4; lastKnownFileType = sourcecode.swift; path = FactCell.swift; sourceTree = "<group>"; };
		3EA6B5DA267CA5AB006BB951 /* FactCell.xib */ = {isa = PBXFileReference; fileEncoding = 4; lastKnownFileType = file.xib; path = FactCell.xib; sourceTree = "<group>"; };
		3EA6B5DE267CA831006BB951 /* APIService.swift */ = {isa = PBXFileReference; lastKnownFileType = sourcecode.swift; path = APIService.swift; sourceTree = "<group>"; };
		3EA6B5E2267CB1F1006BB951 /* FactViewModel.swift */ = {isa = PBXFileReference; lastKnownFileType = sourcecode.swift; path = FactViewModel.swift; sourceTree = "<group>"; };
		3EA6B5ED267CC2D6006BB951 /* FactDemoAppTests.xctest */ = {isa = PBXFileReference; explicitFileType = wrapper.cfbundle; includeInIndex = 0; path = FactDemoAppTests.xctest; sourceTree = BUILT_PRODUCTS_DIR; };
		3EA6B5EF267CC2D7006BB951 /* FactDemoAppTests.swift */ = {isa = PBXFileReference; lastKnownFileType = sourcecode.swift; path = FactDemoAppTests.swift; sourceTree = "<group>"; };
		3EA6B5F1267CC2D7006BB951 /* Info.plist */ = {isa = PBXFileReference; lastKnownFileType = text.plist.xml; path = Info.plist; sourceTree = "<group>"; };
/* End PBXFileReference section */

/* Begin PBXFrameworksBuildPhase section */
		3EA6B599267C9C85006BB951 /* Frameworks */ = {
			isa = PBXFrameworksBuildPhase;
			buildActionMask = 2147483647;
			files = (
			);
			runOnlyForDeploymentPostprocessing = 0;
		};
		3EA6B5EA267CC2D6006BB951 /* Frameworks */ = {
			isa = PBXFrameworksBuildPhase;
			buildActionMask = 2147483647;
			files = (
			);
			runOnlyForDeploymentPostprocessing = 0;
		};
/* End PBXFrameworksBuildPhase section */

/* Begin PBXGroup section */
		3EA6B593267C9C85006BB951 = {
			isa = PBXGroup;
			children = (
				3EA6B59E267C9C85006BB951 /* FactDemoApp */,
				3EA6B5EE267CC2D7006BB951 /* FactDemoAppTests */,
				3EA6B59D267C9C85006BB951 /* Products */,
			);
			sourceTree = "<group>";
		};
		3EA6B59D267C9C85006BB951 /* Products */ = {
			isa = PBXGroup;
			children = (
				3EA6B59C267C9C85006BB951 /* FactDemoApp.app */,
				3EA6B5ED267CC2D6006BB951 /* FactDemoAppTests.xctest */,
			);
			name = Products;
			sourceTree = "<group>";
		};
		3EA6B59E267C9C85006BB951 /* FactDemoApp */ = {
			isa = PBXGroup;
			children = (
				3EA6B5E6267CBDF5006BB951 /* Service */,
				3EA6B5E1267CB1D9006BB951 /* ViewModel */,
				3EA6B5CE267CA555006BB951 /* View */,
				3EA6B5CA267CA514006BB951 /* Model */,
				3EA6B59F267C9C85006BB951 /* AppDelegate.swift */,
				3EA6B5A1267C9C85006BB951 /* SceneDelegate.swift */,
				3EA6B5A3267C9C85006BB951 /* ViewController.swift */,
				3EA6B5A5267C9C85006BB951 /* Main.storyboard */,
				3EA6B5A8267C9C86006BB951 /* Assets.xcassets */,
				3EA6B5AA267C9C86006BB951 /* LaunchScreen.storyboard */,
				3EA6B5AD267C9C86006BB951 /* Info.plist */,
			);
			path = FactDemoApp;
			sourceTree = "<group>";
		};
		3EA6B5CA267CA514006BB951 /* Model */ = {
			isa = PBXGroup;
			children = (
				3EA6B5CB267CA534006BB951 /* FactsResponse.swift */,
			);
			path = Model;
			sourceTree = "<group>";
		};
		3EA6B5CE267CA555006BB951 /* View */ = {
			isa = PBXGroup;
			children = (
				3EA6B5D9267CA5AB006BB951 /* FactCell.swift */,
				3EA6B5DA267CA5AB006BB951 /* FactCell.xib */,
				3EA6B5D0267CA564006BB951 /* tabMainView.swift */,
				3EA6B5CF267CA564006BB951 /* tabMainView.xib */,
			);
			path = View;
			sourceTree = "<group>";
		};
		3EA6B5E1267CB1D9006BB951 /* ViewModel */ = {
			isa = PBXGroup;
			children = (
				3EA6B5E2267CB1F1006BB951 /* FactViewModel.swift */,
			);
			path = ViewModel;
			sourceTree = "<group>";
		};
		3EA6B5E6267CBDF5006BB951 /* Service */ = {
			isa = PBXGroup;
			children = (
				3EA6B5DE267CA831006BB951 /* APIService.swift */,
			);
			path = Service;
			sourceTree = "<group>";
		};
		3EA6B5EE267CC2D7006BB951 /* FactDemoAppTests */ = {
			isa = PBXGroup;
			children = (
				3EA6B5EF267CC2D7006BB951 /* FactDemoAppTests.swift */,
				3EA6B5F1267CC2D7006BB951 /* Info.plist */,
			);
			path = FactDemoAppTests;
			sourceTree = "<group>";
		};
/* End PBXGroup section */

/* Begin PBXNativeTarget section */
		3EA6B59B267C9C85006BB951 /* FactDemoApp */ = {
			isa = PBXNativeTarget;
			buildConfigurationList = 3EA6B5B0267C9C86006BB951 /* Build configuration list for PBXNativeTarget "FactDemoApp" */;
			buildPhases = (
				3EA6B598267C9C85006BB951 /* Sources */,
				3EA6B599267C9C85006BB951 /* Frameworks */,
				3EA6B59A267C9C85006BB951 /* Resources */,
			);
			buildRules = (
			);
			dependencies = (
			);
			name = FactDemoApp;
			productName = FactDemoApp;
			productReference = 3EA6B59C267C9C85006BB951 /* FactDemoApp.app */;
			productType = "com.apple.product-type.application";
		};
		3EA6B5EC267CC2D6006BB951 /* FactDemoAppTests */ = {
			isa = PBXNativeTarget;
			buildConfigurationList = 3EA6B5F4267CC2D7006BB951 /* Build configuration list for PBXNativeTarget "FactDemoAppTests" */;
			buildPhases = (
				3EA6B5E9267CC2D6006BB951 /* Sources */,
				3EA6B5EA267CC2D6006BB951 /* Frameworks */,
				3EA6B5EB267CC2D6006BB951 /* Resources */,
			);
			buildRules = (
			);
			dependencies = (
				3EA6B5F3267CC2D7006BB951 /* PBXTargetDependency */,
			);
			name = FactDemoAppTests;
			productName = FactDemoAppTests;
			productReference = 3EA6B5ED267CC2D6006BB951 /* FactDemoAppTests.xctest */;
			productType = "com.apple.product-type.bundle.unit-test";
		};
/* End PBXNativeTarget section */

/* Begin PBXProject section */
		3EA6B594267C9C85006BB951 /* Project object */ = {
			isa = PBXProject;
			attributes = {
				LastSwiftUpdateCheck = 1240;
				LastUpgradeCheck = 1240;
				TargetAttributes = {
					3EA6B59B267C9C85006BB951 = {
						CreatedOnToolsVersion = 12.4;
					};
					3EA6B5EC267CC2D6006BB951 = {
						CreatedOnToolsVersion = 12.4;
						TestTargetID = 3EA6B59B267C9C85006BB951;
					};
				};
			};
			buildConfigurationList = 3EA6B597267C9C85006BB951 /* Build configuration list for PBXProject "FactDemoApp" */;
			compatibilityVersion = "Xcode 9.3";
			developmentRegion = en;
			hasScannedForEncodings = 0;
			knownRegions = (
				en,
				Base,
			);
			mainGroup = 3EA6B593267C9C85006BB951;
			productRefGroup = 3EA6B59D267C9C85006BB951 /* Products */;
			projectDirPath = "";
			projectRoot = "";
			targets = (
				3EA6B59B267C9C85006BB951 /* FactDemoApp */,
				3EA6B5EC267CC2D6006BB951 /* FactDemoAppTests */,
			);
		};
/* End PBXProject section */

/* Begin PBXResourcesBuildPhase section */
		3EA6B59A267C9C85006BB951 /* Resources */ = {
			isa = PBXResourcesBuildPhase;
			buildActionMask = 2147483647;
			files = (
				3EA6B5AC267C9C86006BB951 /* LaunchScreen.storyboard in Resources */,
				3EA6B5A9267C9C86006BB951 /* Assets.xcassets in Resources */,
				3EA6B5A7267C9C85006BB951 /* Main.storyboard in Resources */,
				3EA6B5DC267CA5AB006BB951 /* FactCell.xib in Resources */,
				3EA6B5D3267CA564006BB951 /* tabMainView.xib in Resources */,
			);
			runOnlyForDeploymentPostprocessing = 0;
		};
		3EA6B5EB267CC2D6006BB951 /* Resources */ = {
			isa = PBXResourcesBuildPhase;
			buildActionMask = 2147483647;
			files = (
			);
			runOnlyForDeploymentPostprocessing = 0;
		};
/* End PBXResourcesBuildPhase section */

/* Begin PBXSourcesBuildPhase section */
		3EA6B598267C9C85006BB951 /* Sources */ = {
			isa = PBXSourcesBuildPhase;
			buildActionMask = 2147483647;
			files = (
				3EA6B5E3267CB1F1006BB951 /* FactViewModel.swift in Sources */,
				3EA6B5A4267C9C85006BB951 /* ViewController.swift in Sources */,
				3EA6B5DF267CA831006BB951 /* APIService.swift in Sources */,
				3EA6B5DB267CA5AB006BB951 /* FactCell.swift in Sources */,
				3EA6B5A0267C9C85006BB951 /* AppDelegate.swift in Sources */,
				3EA6B5CC267CA534006BB951 /* FactsResponse.swift in Sources */,
				3EA6B5A2267C9C85006BB951 /* SceneDelegate.swift in Sources */,
				3EA6B5D4267CA564006BB951 /* tabMainView.swift in Sources */,
			);
			runOnlyForDeploymentPostprocessing = 0;
		};
		3EA6B5E9267CC2D6006BB951 /* Sources */ = {
			isa = PBXSourcesBuildPhase;
			buildActionMask = 2147483647;
			files = (
				3EA6B5F0267CC2D7006BB951 /* FactDemoAppTests.swift in Sources */,
			);
			runOnlyForDeploymentPostprocessing = 0;
		};
/* End PBXSourcesBuildPhase section */

/* Begin PBXTargetDependency section */
		3EA6B5F3267CC2D7006BB951 /* PBXTargetDependency */ = {
			isa = PBXTargetDependency;
			target = 3EA6B59B267C9C85006BB951 /* FactDemoApp */;
			targetProxy = 3EA6B5F2267CC2D7006BB951 /* PBXContainerItemProxy */;
		};
/* End PBXTargetDependency section */

/* Begin PBXVariantGroup section */
		3EA6B5A5267C9C85006BB951 /* Main.storyboard */ = {
			isa = PBXVariantGroup;
			children = (
				3EA6B5A6267C9C85006BB951 /* Base */,
			);
			name = Main.storyboard;
			sourceTree = "<group>";
		};
		3EA6B5AA267C9C86006BB951 /* LaunchScreen.storyboard */ = {
			isa = PBXVariantGroup;
			children = (
				3EA6B5AB267C9C86006BB951 /* Base */,
			);
			name = LaunchScreen.storyboard;
			sourceTree = "<group>";
		};
/* End PBXVariantGroup section */

/* Begin XCBuildConfiguration section */
		3EA6B5AE267C9C86006BB951 /* Debug */ = {
			isa = XCBuildConfiguration;
			buildSettings = {
				ALWAYS_SEARCH_USER_PATHS = NO;
				CLANG_ANALYZER_NONNULL = YES;
				CLANG_ANALYZER_NUMBER_OBJECT_CONVERSION = YES_AGGRESSIVE;
				CLANG_CXX_LANGUAGE_STANDARD = "gnu++14";
				CLANG_CXX_LIBRARY = "libc++";
				CLANG_ENABLE_MODULES = YES;
				CLANG_ENABLE_OBJC_ARC = YES;
				CLANG_ENABLE_OBJC_WEAK = YES;
				CLANG_WARN_BLOCK_CAPTURE_AUTORELEASING = YES;
				CLANG_WARN_BOOL_CONVERSION = YES;
				CLANG_WARN_COMMA = YES;
				CLANG_WARN_CONSTANT_CONVERSION = YES;
				CLANG_WARN_DEPRECATED_OBJC_IMPLEMENTATIONS = YES;
				CLANG_WARN_DIRECT_OBJC_ISA_USAGE = YES_ERROR;
				CLANG_WARN_DOCUMENTATION_COMMENTS = YES;
				CLANG_WARN_EMPTY_BODY = YES;
				CLANG_WARN_ENUM_CONVERSION = YES;
				CLANG_WARN_INFINITE_RECURSION = YES;
				CLANG_WARN_INT_CONVERSION = YES;
				CLANG_WARN_NON_LITERAL_NULL_CONVERSION = YES;
				CLANG_WARN_OBJC_IMPLICIT_RETAIN_SELF = YES;
				CLANG_WARN_OBJC_LITERAL_CONVERSION = YES;
				CLANG_WARN_OBJC_ROOT_CLASS = YES_ERROR;
				CLANG_WARN_QUOTED_INCLUDE_IN_FRAMEWORK_HEADER = YES;
				CLANG_WARN_RANGE_LOOP_ANALYSIS = YES;
				CLANG_WARN_STRICT_PROTOTYPES = YES;
				CLANG_WARN_SUSPICIOUS_MOVE = YES;
				CLANG_WARN_UNGUARDED_AVAILABILITY = YES_AGGRESSIVE;
				CLANG_WARN_UNREACHABLE_CODE = YES;
				CLANG_WARN__DUPLICATE_METHOD_MATCH = YES;
				COPY_PHASE_STRIP = NO;
				DEBUG_INFORMATION_FORMAT = dwarf;
				ENABLE_STRICT_OBJC_MSGSEND = YES;
				ENABLE_TESTABILITY = YES;
				GCC_C_LANGUAGE_STANDARD = gnu11;
				GCC_DYNAMIC_NO_PIC = NO;
				GCC_NO_COMMON_BLOCKS = YES;
				GCC_OPTIMIZATION_LEVEL = 0;
				GCC_PREPROCESSOR_DEFINITIONS = (
					"DEBUG=1",
					"$(inherited)",
				);
				GCC_WARN_64_TO_32_BIT_CONVERSION = YES;
				GCC_WARN_ABOUT_RETURN_TYPE = YES_ERROR;
				GCC_WARN_UNDECLARED_SELECTOR = YES;
				GCC_WARN_UNINITIALIZED_AUTOS = YES_AGGRESSIVE;
				GCC_WARN_UNUSED_FUNCTION = YES;
				GCC_WARN_UNUSED_VARIABLE = YES;
				IPHONEOS_DEPLOYMENT_TARGET = 14.4;
				MTL_ENABLE_DEBUG_INFO = INCLUDE_SOURCE;
				MTL_FAST_MATH = YES;
				ONLY_ACTIVE_ARCH = YES;
				SDKROOT = iphoneos;
				SWIFT_ACTIVE_COMPILATION_CONDITIONS = DEBUG;
				SWIFT_OPTIMIZATION_LEVEL = "-Onone";
			};
			name = Debug;
		};
		3EA6B5AF267C9C86006BB951 /* Release */ = {
			isa = XCBuildConfiguration;
			buildSettings = {
				ALWAYS_SEARCH_USER_PATHS = NO;
				CLANG_ANALYZER_NONNULL = YES;
				CLANG_ANALYZER_NUMBER_OBJECT_CONVERSION = YES_AGGRESSIVE;
				CLANG_CXX_LANGUAGE_STANDARD = "gnu++14";
				CLANG_CXX_LIBRARY = "libc++";
				CLANG_ENABLE_MODULES = YES;
				CLANG_ENABLE_OBJC_ARC = YES;
				CLANG_ENABLE_OBJC_WEAK = YES;
				CLANG_WARN_BLOCK_CAPTURE_AUTORELEASING = YES;
				CLANG_WARN_BOOL_CONVERSION = YES;
				CLANG_WARN_COMMA = YES;
				CLANG_WARN_CONSTANT_CONVERSION = YES;
				CLANG_WARN_DEPRECATED_OBJC_IMPLEMENTATIONS = YES;
				CLANG_WARN_DIRECT_OBJC_ISA_USAGE = YES_ERROR;
				CLANG_WARN_DOCUMENTATION_COMMENTS = YES;
				CLANG_WARN_EMPTY_BODY = YES;
				CLANG_WARN_ENUM_CONVERSION = YES;
				CLANG_WARN_INFINITE_RECURSION = YES;
				CLANG_WARN_INT_CONVERSION = YES;
				CLANG_WARN_NON_LITERAL_NULL_CONVERSION = YES;
				CLANG_WARN_OBJC_IMPLICIT_RETAIN_SELF = YES;
				CLANG_WARN_OBJC_LITERAL_CONVERSION = YES;
				CLANG_WARN_OBJC_ROOT_CLASS = YES_ERROR;
				CLANG_WARN_QUOTED_INCLUDE_IN_FRAMEWORK_HEADER = YES;
				CLANG_WARN_RANGE_LOOP_ANALYSIS = YES;
				CLANG_WARN_STRICT_PROTOTYPES = YES;
				CLANG_WARN_SUSPICIOUS_MOVE = YES;
				CLANG_WARN_UNGUARDED_AVAILABILITY = YES_AGGRESSIVE;
				CLANG_WARN_UNREACHABLE_CODE = YES;
				CLANG_WARN__DUPLICATE_METHOD_MATCH = YES;
				COPY_PHASE_STRIP = NO;
				DEBUG_INFORMATION_FORMAT = "dwarf-with-dsym";
				ENABLE_NS_ASSERTIONS = NO;
				ENABLE_STRICT_OBJC_MSGSEND = YES;
				GCC_C_LANGUAGE_STANDARD = gnu11;
				GCC_NO_COMMON_BLOCKS = YES;
				GCC_WARN_64_TO_32_BIT_CONVERSION = YES;
				GCC_WARN_ABOUT_RETURN_TYPE = YES_ERROR;
				GCC_WARN_UNDECLARED_SELECTOR = YES;
				GCC_WARN_UNINITIALIZED_AUTOS = YES_AGGRESSIVE;
				GCC_WARN_UNUSED_FUNCTION = YES;
				GCC_WARN_UNUSED_VARIABLE = YES;
				IPHONEOS_DEPLOYMENT_TARGET = 14.4;
				MTL_ENABLE_DEBUG_INFO = NO;
				MTL_FAST_MATH = YES;
				SDKROOT = iphoneos;
				SWIFT_COMPILATION_MODE = wholemodule;
				SWIFT_OPTIMIZATION_LEVEL = "-O";
				VALIDATE_PRODUCT = YES;
			};
			name = Release;
		};
		3EA6B5B1267C9C86006BB951 /* Debug */ = {
			isa = XCBuildConfiguration;
			buildSettings = {
				ASSETCATALOG_COMPILER_APPICON_NAME = AppIcon;
				ASSETCATALOG_COMPILER_GLOBAL_ACCENT_COLOR_NAME = AccentColor;
				CODE_SIGN_STYLE = Automatic;
				DEVELOPMENT_TEAM = 6PEZ3VVCX8;
				INFOPLIST_FILE = FactDemoApp/Info.plist;
				LD_RUNPATH_SEARCH_PATHS = (
					"$(inherited)",
					"@executable_path/Frameworks",
				);
				PRODUCT_BUNDLE_IDENTIFIER = SAMPLE.FactDemoApp;
				PRODUCT_NAME = "$(TARGET_NAME)";
				SWIFT_VERSION = 5.0;
				TARGETED_DEVICE_FAMILY = "1,2";
			};
			name = Debug;
		};
		3EA6B5B2267C9C86006BB951 /* Release */ = {
			isa = XCBuildConfiguration;
			buildSettings = {
				ASSETCATALOG_COMPILER_APPICON_NAME = AppIcon;
				ASSETCATALOG_COMPILER_GLOBAL_ACCENT_COLOR_NAME = AccentColor;
				CODE_SIGN_STYLE = Automatic;
				DEVELOPMENT_TEAM = 6PEZ3VVCX8;
				INFOPLIST_FILE = FactDemoApp/Info.plist;
				LD_RUNPATH_SEARCH_PATHS = (
					"$(inherited)",
					"@executable_path/Frameworks",
				);
				PRODUCT_BUNDLE_IDENTIFIER = SAMPLE.FactDemoApp;
				PRODUCT_NAME = "$(TARGET_NAME)";
				SWIFT_VERSION = 5.0;
				TARGETED_DEVICE_FAMILY = "1,2";
			};
			name = Release;
		};
		3EA6B5F5267CC2D7006BB951 /* Debug */ = {
			isa = XCBuildConfiguration;
			buildSettings = {
				BUNDLE_LOADER = "$(TEST_HOST)";
				CODE_SIGN_STYLE = Automatic;
				DEVELOPMENT_TEAM = 6PEZ3VVCX8;
				INFOPLIST_FILE = FactDemoAppTests/Info.plist;
				LD_RUNPATH_SEARCH_PATHS = (
					"$(inherited)",
					"@executable_path/Frameworks",
					"@loader_path/Frameworks",
				);
				PRODUCT_BUNDLE_IDENTIFIER = SAMPLE.FactDemoAppTests;
				PRODUCT_NAME = "$(TARGET_NAME)";
				SWIFT_VERSION = 5.0;
				TARGETED_DEVICE_FAMILY = "1,2";
				TEST_HOST = "$(BUILT_PRODUCTS_DIR)/FactDemoApp.app/FactDemoApp";
			};
			name = Debug;
		};
		3EA6B5F6267CC2D7006BB951 /* Release */ = {
			isa = XCBuildConfiguration;
			buildSettings = {
				BUNDLE_LOADER = "$(TEST_HOST)";
				CODE_SIGN_STYLE = Automatic;
				DEVELOPMENT_TEAM = 6PEZ3VVCX8;
				INFOPLIST_FILE = FactDemoAppTests/Info.plist;
				LD_RUNPATH_SEARCH_PATHS = (
					"$(inherited)",
					"@executable_path/Frameworks",
					"@loader_path/Frameworks",
				);
				PRODUCT_BUNDLE_IDENTIFIER = SAMPLE.FactDemoAppTests;
				PRODUCT_NAME = "$(TARGET_NAME)";
				SWIFT_VERSION = 5.0;
				TARGETED_DEVICE_FAMILY = "1,2";
				TEST_HOST = "$(BUILT_PRODUCTS_DIR)/FactDemoApp.app/FactDemoApp";
			};
			name = Release;
		};
/* End XCBuildConfiguration section */

/* Begin XCConfigurationList section */
		3EA6B597267C9C85006BB951 /* Build configuration list for PBXProject "FactDemoApp" */ = {
			isa = XCConfigurationList;
			buildConfigurations = (
				3EA6B5AE267C9C86006BB951 /* Debug */,
				3EA6B5AF267C9C86006BB951 /* Release */,
			);
			defaultConfigurationIsVisible = 0;
			defaultConfigurationName = Release;
		};
		3EA6B5B0267C9C86006BB951 /* Build configuration list for PBXNativeTarget "FactDemoApp" */ = {
			isa = XCConfigurationList;
			buildConfigurations = (
				3EA6B5B1267C9C86006BB951 /* Debug */,
				3EA6B5B2267C9C86006BB951 /* Release */,
			);
			defaultConfigurationIsVisible = 0;
			defaultConfigurationName = Release;
		};
		3EA6B5F4267CC2D7006BB951 /* Build configuration list for PBXNativeTarget "FactDemoAppTests" */ = {
			isa = XCConfigurationList;
			buildConfigurations = (
				3EA6B5F5267CC2D7006BB951 /* Debug */,
				3EA6B5F6267CC2D7006BB951 /* Release */,
			);
			defaultConfigurationIsVisible = 0;
			defaultConfigurationName = Release;
		};
/* End XCConfigurationList section */
	};
	rootObject = 3EA6B594267C9C85006BB951 /* Project object */;
}
